
Microsoft Visual Studio Solution File, Format Version 12.00
# Visual Studio Version 17
VisualStudioVersion = 17.5.002.0
MinimumVisualStudioVersion = 10.0.40219.1
Project("{9A19103F-16F7-4668-BE54-9A1E7A4F7556}") = "Problem3", "Problem3.csproj", "{5E983C09-CF0E-4A87-8076-D80A1C6AF267}"
EndProject
Global
	GlobalSection(SolutionConfigurationPlatforms) = preSolution
		Debug|Any CPU = Debug|Any CPU
		Release|Any CPU = Release|Any CPU
	EndGlobalSection
	GlobalSection(ProjectConfigurationPlatforms) = postSolution
		{5E983C09-CF0E-4A87-8076-D80A1C6AF267}.Debug|Any CPU.ActiveCfg = Debug|Any CPU
		{5E983C09-CF0E-4A87-8076-D80A1C6AF267}.Debug|Any CPU.Build.0 = Debug|Any CPU
		{5E983C09-CF0E-4A87-8076-D80A1C6AF267}.Release|Any CPU.ActiveCfg = Release|Any CPU
		{5E983C09-CF0E-4A87-8076-D80A1C6AF267}.Release|Any CPU.Build.0 = Release|Any CPU
	EndGlobalSection
	GlobalSection(SolutionProperties) = preSolution
		HideSolutionNode = FALSE
	EndGlobalSection
	GlobalSection(ExtensibilityGlobals) = postSolution
		SolutionGuid = {5B279F76-0952-4EEC-BFE9-11C802C0CB09}
	EndGlobalSection
EndGlobal
